
Microsoft Visual Studio Solution File, Format Version 12.00
# Visual Studio Version 17
VisualStudioVersion = 17.8.34330.188
MinimumVisualStudioVersion = 10.0.40219.1
Project("{9A19103F-16F7-4668-BE54-9A1E7A4F7556}") = "wDNS", "wDNS\wDNS.csproj", "{C879D672-ED1A-47C0-A582-C86DDF8AD616}"
EndProject
Project("{9A19103F-16F7-4668-BE54-9A1E7A4F7556}") = "wDNS.Tests", "wDNS.Tests\wDNS.Tests.csproj", "{F50CEF30-3F96-4097-8A82-DAB72AE40EAB}"
EndProject
Project("{2150E333-8FDC-42A3-9474-1A3956D46DE8}") = "Solution Items", "Solution Items", "{7D713E80-D24C-4185-B7AD-7C2E25B36BF7}"
	ProjectSection(SolutionItems) = preProject
		.editorconfig = .editorconfig
	EndProjectSection
EndProject
Project("{9A19103F-16F7-4668-BE54-9A1E7A4F7556}") = "wDNS.Client", "wDNS.Client\wDNS.Client.csproj", "{03BD4920-698F-480F-9A21-62C03B501D4D}"
EndProject
Project("{9A19103F-16F7-4668-BE54-9A1E7A4F7556}") = "wDNS.Common", "wDNS.Common\wDNS.Common.csproj", "{D794AB43-469E-4450-8A17-F1E8185AF944}"
EndProject
Project("{FAE04EC0-301F-11D3-BF4B-00C04F79EFBC}") = "wDNS.Flood", "wDNS.Flood\wDNS.Flood.csproj", "{2725E7DF-A8BB-4A24-9BFB-184A45230B81}"
EndProject
Global
	GlobalSection(SolutionConfigurationPlatforms) = preSolution
		Debug|Any CPU = Debug|Any CPU
		Release|Any CPU = Release|Any CPU
	EndGlobalSection
	GlobalSection(ProjectConfigurationPlatforms) = postSolution
		{C879D672-ED1A-47C0-A582-C86DDF8AD616}.Debug|Any CPU.ActiveCfg = Debug|Any CPU
		{C879D672-ED1A-47C0-A582-C86DDF8AD616}.Debug|Any CPU.Build.0 = Debug|Any CPU
		{C879D672-ED1A-47C0-A582-C86DDF8AD616}.Release|Any CPU.ActiveCfg = Release|Any CPU
		{C879D672-ED1A-47C0-A582-C86DDF8AD616}.Release|Any CPU.Build.0 = Release|Any CPU
		{F50CEF30-3F96-4097-8A82-DAB72AE40EAB}.Debug|Any CPU.ActiveCfg = Debug|Any CPU
		{F50CEF30-3F96-4097-8A82-DAB72AE40EAB}.Debug|Any CPU.Build.0 = Debug|Any CPU
		{F50CEF30-3F96-4097-8A82-DAB72AE40EAB}.Release|Any CPU.ActiveCfg = Release|Any CPU
		{F50CEF30-3F96-4097-8A82-DAB72AE40EAB}.Release|Any CPU.Build.0 = Release|Any CPU
		{03BD4920-698F-480F-9A21-62C03B501D4D}.Debug|Any CPU.ActiveCfg = Debug|Any CPU
		{03BD4920-698F-480F-9A21-62C03B501D4D}.Debug|Any CPU.Build.0 = Debug|Any CPU
		{03BD4920-698F-480F-9A21-62C03B501D4D}.Release|Any CPU.ActiveCfg = Release|Any CPU
		{03BD4920-698F-480F-9A21-62C03B501D4D}.Release|Any CPU.Build.0 = Release|Any CPU
		{D794AB43-469E-4450-8A17-F1E8185AF944}.Debug|Any CPU.ActiveCfg = Debug|Any CPU
		{D794AB43-469E-4450-8A17-F1E8185AF944}.Debug|Any CPU.Build.0 = Debug|Any CPU
		{D794AB43-469E-4450-8A17-F1E8185AF944}.Release|Any CPU.ActiveCfg = Release|Any CPU
		{D794AB43-469E-4450-8A17-F1E8185AF944}.Release|Any CPU.Build.0 = Release|Any CPU
		{2725E7DF-A8BB-4A24-9BFB-184A45230B81}.Debug|Any CPU.ActiveCfg = Debug|Any CPU
		{2725E7DF-A8BB-4A24-9BFB-184A45230B81}.Debug|Any CPU.Build.0 = Debug|Any CPU
		{2725E7DF-A8BB-4A24-9BFB-184A45230B81}.Release|Any CPU.ActiveCfg = Release|Any CPU
		{2725E7DF-A8BB-4A24-9BFB-184A45230B81}.Release|Any CPU.Build.0 = Release|Any CPU
	EndGlobalSection
	GlobalSection(SolutionProperties) = preSolution
		HideSolutionNode = FALSE
	EndGlobalSection
	GlobalSection(ExtensibilityGlobals) = postSolution
		SolutionGuid = {B63B49F5-08F5-4B3F-914C-95324645E80B}
	EndGlobalSection
EndGlobal
