
Microsoft Visual Studio Solution File, Format Version 12.00
# Visual Studio Version 17
VisualStudioVersion = 17.13.35825.156
MinimumVisualStudioVersion = 10.0.40219.1
Project("{FAE04EC0-301F-11D3-BF4B-00C04F79EFBC}") = "wDNS.Common", "wDNS.Common\wDNS.Common.csproj", "{37FB0679-2A03-48F6-AEBC-92DE98AFE74F}"
EndProject
Project("{FAE04EC0-301F-11D3-BF4B-00C04F79EFBC}") = "wDNS.Common.Tests", "wDNS.Common.Tests\wDNS.Common.Tests.csproj", "{BEF8CCD5-72AE-4BC8-B535-CBB4E417EA2A}"
EndProject
Global
	GlobalSection(SolutionConfigurationPlatforms) = preSolution
		Debug|Any CPU = Debug|Any CPU
		Release|Any CPU = Release|Any CPU
	EndGlobalSection
	GlobalSection(ProjectConfigurationPlatforms) = postSolution
		{37FB0679-2A03-48F6-AEBC-92DE98AFE74F}.Debug|Any CPU.ActiveCfg = Debug|Any CPU
		{37FB0679-2A03-48F6-AEBC-92DE98AFE74F}.Debug|Any CPU.Build.0 = Debug|Any CPU
		{37FB0679-2A03-48F6-AEBC-92DE98AFE74F}.Release|Any CPU.ActiveCfg = Release|Any CPU
		{37FB0679-2A03-48F6-AEBC-92DE98AFE74F}.Release|Any CPU.Build.0 = Release|Any CPU
		{BEF8CCD5-72AE-4BC8-B535-CBB4E417EA2A}.Debug|Any CPU.ActiveCfg = Debug|Any CPU
		{BEF8CCD5-72AE-4BC8-B535-CBB4E417EA2A}.Debug|Any CPU.Build.0 = Debug|Any CPU
		{BEF8CCD5-72AE-4BC8-B535-CBB4E417EA2A}.Release|Any CPU.ActiveCfg = Release|Any CPU
		{BEF8CCD5-72AE-4BC8-B535-CBB4E417EA2A}.Release|Any CPU.Build.0 = Release|Any CPU
	EndGlobalSection
	GlobalSection(SolutionProperties) = preSolution
		HideSolutionNode = FALSE
	EndGlobalSection
	GlobalSection(ExtensibilityGlobals) = postSolution
		SolutionGuid = {012CE86B-503C-49D9-B993-E3CD76D440A7}
	EndGlobalSection
EndGlobal
